
Microsoft Visual Studio Solution File, Format Version 12.00
# Visual Studio Version 17
VisualStudioVersion = 17.5.33530.505
MinimumVisualStudioVersion = 10.0.40219.1
Project("{8BC9CEB8-8B4A-11D0-8D11-00A0C91BC942}") = "Sample", "Sample\Sample.vcxproj", "{EB17009A-5863-4A33-8AFC-7217113899F7}"
EndProject
Project("{8BC9CEB8-8B4A-11D0-8D11-00A0C91BC942}") = "Development", "Development\Development.vcxproj", "{1D754CA7-5629-4C79-A5D7-02745E7CD9D5}"
EndProject
Global
	GlobalSection(SolutionConfigurationPlatforms) = preSolution
		Debug|x64 = Debug|x64
		Debug|x86 = Debug|x86
		Release|x64 = Release|x64
		Release|x86 = Release|x86
	EndGlobalSection
	GlobalSection(ProjectConfigurationPlatforms) = postSolution
		{EB17009A-5863-4A33-8AFC-7217113899F7}.Debug|x64.ActiveCfg = Debug|x64
		{EB17009A-5863-4A33-8AFC-7217113899F7}.Debug|x64.Build.0 = Debug|x64
		{EB17009A-5863-4A33-8AFC-7217113899F7}.Debug|x86.ActiveCfg = Debug|Win32
		{EB17009A-5863-4A33-8AFC-7217113899F7}.Debug|x86.Build.0 = Debug|Win32
		{EB17009A-5863-4A33-8AFC-7217113899F7}.Release|x64.ActiveCfg = Release|x64
		{EB17009A-5863-4A33-8AFC-7217113899F7}.Release|x64.Build.0 = Release|x64
		{EB17009A-5863-4A33-8AFC-7217113899F7}.Release|x86.ActiveCfg = Release|Win32
		{EB17009A-5863-4A33-8AFC-7217113899F7}.Release|x86.Build.0 = Release|Win32
		{1D754CA7-5629-4C79-A5D7-02745E7CD9D5}.Debug|x64.ActiveCfg = Debug|x64
		{1D754CA7-5629-4C79-A5D7-02745E7CD9D5}.Debug|x64.Build.0 = Debug|x64
		{1D754CA7-5629-4C79-A5D7-02745E7CD9D5}.Debug|x86.ActiveCfg = Debug|Win32
		{1D754CA7-5629-4C79-A5D7-02745E7CD9D5}.Debug|x86.Build.0 = Debug|Win32
		{1D754CA7-5629-4C79-A5D7-02745E7CD9D5}.Release|x64.ActiveCfg = Release|x64
		{1D754CA7-5629-4C79-A5D7-02745E7CD9D5}.Release|x64.Build.0 = Release|x64
		{1D754CA7-5629-4C79-A5D7-02745E7CD9D5}.Release|x86.ActiveCfg = Release|Win32
		{1D754CA7-5629-4C79-A5D7-02745E7CD9D5}.Release|x86.Build.0 = Release|Win32
	EndGlobalSection
	GlobalSection(SolutionProperties) = preSolution
		HideSolutionNode = FALSE
	EndGlobalSection
	GlobalSection(ExtensibilityGlobals) = postSolution
		SolutionGuid = {D574512D-CD81-4F75-90A8-C4CC697D2F6B}
	EndGlobalSection
EndGlobal
